
Microsoft Visual Studio Solution File, Format Version 12.00
# Visual Studio 2013
VisualStudioVersion = 12.0.21005.1
MinimumVisualStudioVersion = 10.0.40219.1
Project("{FAE04EC0-301F-11D3-BF4B-00C04F79EFBC}") = "CareerRoadiesApi", "CareerRoadiesApi\CareerRoadiesApi.csproj", "{ED85F0D5-82F5-45F2-B5FE-DF230CEED937}"
EndProject
Project("{FAE04EC0-301F-11D3-BF4B-00C04F79EFBC}") = "ApplicationService", "..\ApplicationService\ApplicationService.csproj", "{EB35A6E9-EDCC-4678-AFBC-62AEB5CA8E1A}"
EndProject
Project("{FAE04EC0-301F-11D3-BF4B-00C04F79EFBC}") = "DataModels", "..\DataModels\DataModels.csproj", "{6CCBE5EE-67D3-4BD1-B8EE-39EB9E3AA350}"
EndProject
Project("{FAE04EC0-301F-11D3-BF4B-00C04F79EFBC}") = "DataServiceInterface", "..\DataserviceInterface\DataServiceInterface.csproj", "{B16C3F5A-046E-4317-9D44-8EF32D92C64C}"
EndProject
Project("{FAE04EC0-301F-11D3-BF4B-00C04F79EFBC}") = "DataService", "..\DataService\DataService.csproj", "{0F1542BE-4B23-4DD2-912E-85E59753B811}"
EndProject
Project("{FAE04EC0-301F-11D3-BF4B-00C04F79EFBC}") = "Utilities", "..\Utilities\Utilities.csproj", "{404B257B-1BE8-467D-82CE-3B9AF490780E}"
EndProject
Project("{FAE04EC0-301F-11D3-BF4B-00C04F79EFBC}") = "DataAccessLayer", "..\DataAccessLayer\DataAccessLayer.csproj", "{C992FE5D-5254-4209-A429-A6AE93B427D7}"
EndProject
Project("{FAE04EC0-301F-11D3-BF4B-00C04F79EFBC}") = "LogManager", "..\LogManager\LogManager.csproj", "{C9E0CB7B-F8EE-4E25-8DF5-0E41640C5014}"
EndProject
Global
	GlobalSection(SolutionConfigurationPlatforms) = preSolution
		Debug|Any CPU = Debug|Any CPU
		Release|Any CPU = Release|Any CPU
	EndGlobalSection
	GlobalSection(ProjectConfigurationPlatforms) = postSolution
		{ED85F0D5-82F5-45F2-B5FE-DF230CEED937}.Debug|Any CPU.ActiveCfg = Debug|Any CPU
		{ED85F0D5-82F5-45F2-B5FE-DF230CEED937}.Debug|Any CPU.Build.0 = Debug|Any CPU
		{ED85F0D5-82F5-45F2-B5FE-DF230CEED937}.Release|Any CPU.ActiveCfg = Release|Any CPU
		{ED85F0D5-82F5-45F2-B5FE-DF230CEED937}.Release|Any CPU.Build.0 = Release|Any CPU
		{EB35A6E9-EDCC-4678-AFBC-62AEB5CA8E1A}.Debug|Any CPU.ActiveCfg = Debug|Any CPU
		{EB35A6E9-EDCC-4678-AFBC-62AEB5CA8E1A}.Debug|Any CPU.Build.0 = Debug|Any CPU
		{EB35A6E9-EDCC-4678-AFBC-62AEB5CA8E1A}.Release|Any CPU.ActiveCfg = Release|Any CPU
		{EB35A6E9-EDCC-4678-AFBC-62AEB5CA8E1A}.Release|Any CPU.Build.0 = Release|Any CPU
		{6CCBE5EE-67D3-4BD1-B8EE-39EB9E3AA350}.Debug|Any CPU.ActiveCfg = Debug|Any CPU
		{6CCBE5EE-67D3-4BD1-B8EE-39EB9E3AA350}.Debug|Any CPU.Build.0 = Debug|Any CPU
		{6CCBE5EE-67D3-4BD1-B8EE-39EB9E3AA350}.Release|Any CPU.ActiveCfg = Release|Any CPU
		{6CCBE5EE-67D3-4BD1-B8EE-39EB9E3AA350}.Release|Any CPU.Build.0 = Release|Any CPU
		{B16C3F5A-046E-4317-9D44-8EF32D92C64C}.Debug|Any CPU.ActiveCfg = Debug|Any CPU
		{B16C3F5A-046E-4317-9D44-8EF32D92C64C}.Debug|Any CPU.Build.0 = Debug|Any CPU
		{B16C3F5A-046E-4317-9D44-8EF32D92C64C}.Release|Any CPU.ActiveCfg = Release|Any CPU
		{B16C3F5A-046E-4317-9D44-8EF32D92C64C}.Release|Any CPU.Build.0 = Release|Any CPU
		{0F1542BE-4B23-4DD2-912E-85E59753B811}.Debug|Any CPU.ActiveCfg = Debug|Any CPU
		{0F1542BE-4B23-4DD2-912E-85E59753B811}.Debug|Any CPU.Build.0 = Debug|Any CPU
		{0F1542BE-4B23-4DD2-912E-85E59753B811}.Release|Any CPU.ActiveCfg = Release|Any CPU
		{0F1542BE-4B23-4DD2-912E-85E59753B811}.Release|Any CPU.Build.0 = Release|Any CPU
		{404B257B-1BE8-467D-82CE-3B9AF490780E}.Debug|Any CPU.ActiveCfg = Debug|Any CPU
		{404B257B-1BE8-467D-82CE-3B9AF490780E}.Debug|Any CPU.Build.0 = Debug|Any CPU
		{404B257B-1BE8-467D-82CE-3B9AF490780E}.Release|Any CPU.ActiveCfg = Release|Any CPU
		{404B257B-1BE8-467D-82CE-3B9AF490780E}.Release|Any CPU.Build.0 = Release|Any CPU
		{C992FE5D-5254-4209-A429-A6AE93B427D7}.Debug|Any CPU.ActiveCfg = Debug|Any CPU
		{C992FE5D-5254-4209-A429-A6AE93B427D7}.Debug|Any CPU.Build.0 = Debug|Any CPU
		{C992FE5D-5254-4209-A429-A6AE93B427D7}.Release|Any CPU.ActiveCfg = Release|Any CPU
		{C992FE5D-5254-4209-A429-A6AE93B427D7}.Release|Any CPU.Build.0 = Release|Any CPU
		{C9E0CB7B-F8EE-4E25-8DF5-0E41640C5014}.Debug|Any CPU.ActiveCfg = Debug|Any CPU
		{C9E0CB7B-F8EE-4E25-8DF5-0E41640C5014}.Debug|Any CPU.Build.0 = Debug|Any CPU
		{C9E0CB7B-F8EE-4E25-8DF5-0E41640C5014}.Release|Any CPU.ActiveCfg = Release|Any CPU
		{C9E0CB7B-F8EE-4E25-8DF5-0E41640C5014}.Release|Any CPU.Build.0 = Release|Any CPU
	EndGlobalSection
	GlobalSection(SolutionProperties) = preSolution
		HideSolutionNode = FALSE
	EndGlobalSection
EndGlobal
